{
  "version": 4,
  "terraform_version": "1.12.2",
  "serial": 1,
  "lineage": "692ad20a-5a5e-8eb1-b2f0-15e49d69d31d",
  "outputs": {
    "key_vault_name": {
      "value": null,
      "type": "string"
    },
    "webapp_managed_identity_principal_id": {
      "value": null,
      "type": "string"
    },
    "webapp_url": {
      "value": null,
      "type": "string"
    }
  },
  "resources": [
    {
      "mode": "data",
      "type": "azurerm_client_config",
      "name": "current",
      "provider": "provider[\"registry.terraform.io/hashicorp/azurerm\"]",
      "instances": [
        {
          "schema_version": 0,
          "attributes": {
            "client_id": "04b07795-8ddb-461a-bbee-02f9e1bf7b46",
            "id": "Y2xpZW50Q29uZmlncy9jbGllbnRJZD0wNGIwNzc5NS04ZGRiLTQ2MWEtYmJlZS0wMmY5ZTFiZjdiNDY7b2JqZWN0SWQ9MTdmNjI1MzAtODg4NS00OTI2LThlYWItNDcxMmZhMjU1Y2Y2O3N1YnNjcmlwdGlvbklkPTZlZWEyZTliLTcxYzYtNDlkNC1iMmJlLTg1YTQ0MGYyM2I5Nzt0ZW5hbnRJZD02N2M2MjM3NC01YjBjLTQyNzktOGJkNC01MDljNGQxMDZhYTM=",
            "object_id": "17f62530-8885-4926-8eab-4712fa255cf6",
            "subscription_id": "6eea2e9b-71c6-49d4-b2be-85a440f23b97",
            "tenant_id": "67c62374-5b0c-4279-8bd4-509c4d106aa3",
            "timeouts": null
          },
          "sensitive_attributes": [],
          "identity_schema_version": 0
        }
      ]
    },
    {
      "mode": "managed",
      "type": "azurerm_resource_group",
      "name": "rg",
      "provider": "provider[\"registry.terraform.io/hashicorp/azurerm\"]",
      "instances": [
        {
          "schema_version": 0,
          "attributes": {
            "id": "/subscriptions/6eea2e9b-71c6-49d4-b2be-85a440f23b97/resourceGroups/rg-webapp-kv",
            "location": "eastus",
            "managed_by": "",
            "name": "rg-webapp-kv",
            "tags": {},
            "timeouts": null
          },
          "sensitive_attributes": [],
          "identity_schema_version": 0,
          "private": "eyJlMmJmYjczMC1lY2FhLTExZTYtOGY4OC0zNDM2M2JjN2M0YzAiOnsiY3JlYXRlIjo1NDAwMDAwMDAwMDAwLCJkZWxldGUiOjU0MDAwMDAwMDAwMDAsInJlYWQiOjMwMDAwMDAwMDAwMCwidXBkYXRlIjo1NDAwMDAwMDAwMDAwfSwic2NoZW1hX3ZlcnNpb24iOiIwIn0="
        }
      ]
    }
  ],
  "check_results": null
}
